// !$*UTF8*$!
{
	archiveVersion = 1;
	classes = {
	};
	objectVersion = 46;
	objects = {

/* Begin PBXBuildFile section */
		4D7255A71C7E3C2A001D00A2 /* FibonacciDataSource.swift in Sources */ = {isa = PBXBuildFile; fileRef = 4D7255A61C7E3C2A001D00A2 /* FibonacciDataSource.swift */; };
		4D7C1C511C7B040300D66560 /* AppDelegate.swift in Sources */ = {isa = PBXBuildFile; fileRef = 4D7C1C501C7B040300D66560 /* AppDelegate.swift */; };
		4D7C1C561C7B040300D66560 /* Main.storyboard in Resources */ = {isa = PBXBuildFile; fileRef = 4D7C1C541C7B040300D66560 /* Main.storyboard */; };
		4D7C1C581C7B040300D66560 /* Assets.xcassets in Resources */ = {isa = PBXBuildFile; fileRef = 4D7C1C571C7B040300D66560 /* Assets.xcassets */; };
		4D7C1C5B1C7B040300D66560 /* LaunchScreen.storyboard in Resources */ = {isa = PBXBuildFile; fileRef = 4D7C1C591C7B040300D66560 /* LaunchScreen.storyboard */; };
		4D7C1C821C7B049000D66560 /* FibonacciTableViewController.swift in Sources */ = {isa = PBXBuildFile; fileRef = 4D7C1C811C7B049000D66560 /* FibonacciTableViewController.swift */; };
		4D7C1C841C7B04A900D66560 /* FibonacciTableViewCell.swift in Sources */ = {isa = PBXBuildFile; fileRef = 4D7C1C831C7B04A900D66560 /* FibonacciTableViewCell.swift */; };
		4D7C1C861C7B04BC00D66560 /* FibonacciGenerator.swift in Sources */ = {isa = PBXBuildFile; fileRef = 4D7C1C851C7B04BC00D66560 /* FibonacciGenerator.swift */; };
		4D7C1C951C7E09FF00D66560 /* FibonacciGeneratorTests.swift in Sources */ = {isa = PBXBuildFile; fileRef = 4D7C1C941C7E09FF00D66560 /* FibonacciGeneratorTests.swift */; };
		4DB7E7651C7E187E00A184DC /* DataProvider.swift in Sources */ = {isa = PBXBuildFile; fileRef = 4DB7E7641C7E187E00A184DC /* DataProvider.swift */; };
		4DDEDED21C7E60E000D2CCE7 /* DataProviderTest.swift in Sources */ = {isa = PBXBuildFile; fileRef = 4DDEDED11C7E60E000D2CCE7 /* DataProviderTest.swift */; };
/* End PBXBuildFile section */

/* Begin PBXContainerItemProxy section */
		4D7C1C621C7B040300D66560 /* PBXContainerItemProxy */ = {
			isa = PBXContainerItemProxy;
			containerPortal = 4D7C1C451C7B040300D66560 /* Project object */;
			proxyType = 1;
			remoteGlobalIDString = 4D7C1C4C1C7B040300D66560;
			remoteInfo = "fibonacci-test";
		};
/* End PBXContainerItemProxy section */

/* Begin PBXFileReference section */
		4D7255A61C7E3C2A001D00A2 /* FibonacciDataSource.swift */ = {isa = PBXFileReference; fileEncoding = 4; lastKnownFileType = sourcecode.swift; name = FibonacciDataSource.swift; path = Controllers/FibonacciDataSource.swift; sourceTree = "<group>"; };
		4D7C1C4D1C7B040300D66560 /* fibonacci-test.app */ = {isa = PBXFileReference; explicitFileType = wrapper.application; includeInIndex = 0; path = "fibonacci-test.app"; sourceTree = BUILT_PRODUCTS_DIR; };
		4D7C1C501C7B040300D66560 /* AppDelegate.swift */ = {isa = PBXFileReference; lastKnownFileType = sourcecode.swift; path = AppDelegate.swift; sourceTree = "<group>"; };
		4D7C1C551C7B040300D66560 /* Base */ = {isa = PBXFileReference; lastKnownFileType = file.storyboard; name = Base; path = Base.lproj/Main.storyboard; sourceTree = "<group>"; };
		4D7C1C571C7B040300D66560 /* Assets.xcassets */ = {isa = PBXFileReference; lastKnownFileType = folder.assetcatalog; path = Assets.xcassets; sourceTree = "<group>"; };
		4D7C1C5A1C7B040300D66560 /* Base */ = {isa = PBXFileReference; lastKnownFileType = file.storyboard; name = Base; path = Base.lproj/LaunchScreen.storyboard; sourceTree = "<group>"; };
		4D7C1C5C1C7B040300D66560 /* Info.plist */ = {isa = PBXFileReference; lastKnownFileType = text.plist.xml; path = Info.plist; sourceTree = "<group>"; };
		4D7C1C611C7B040300D66560 /* fibonacci-testTests.xctest */ = {isa = PBXFileReference; explicitFileType = wrapper.cfbundle; includeInIndex = 0; path = "fibonacci-testTests.xctest"; sourceTree = BUILT_PRODUCTS_DIR; };
		4D7C1C671C7B040300D66560 /* Info.plist */ = {isa = PBXFileReference; lastKnownFileType = text.plist.xml; path = Info.plist; sourceTree = "<group>"; };
		4D7C1C811C7B049000D66560 /* FibonacciTableViewController.swift */ = {isa = PBXFileReference; fileEncoding = 4; lastKnownFileType = sourcecode.swift; name = FibonacciTableViewController.swift; path = Controllers/FibonacciTableViewController.swift; sourceTree = "<group>"; };
		4D7C1C831C7B04A900D66560 /* FibonacciTableViewCell.swift */ = {isa = PBXFileReference; fileEncoding = 4; lastKnownFileType = sourcecode.swift; name = FibonacciTableViewCell.swift; path = Views/FibonacciTableViewCell.swift; sourceTree = "<group>"; };
		4D7C1C851C7B04BC00D66560 /* FibonacciGenerator.swift */ = {isa = PBXFileReference; fileEncoding = 4; lastKnownFileType = sourcecode.swift; name = FibonacciGenerator.swift; path = Models/FibonacciGenerator.swift; sourceTree = "<group>"; };
		4D7C1C941C7E09FF00D66560 /* FibonacciGeneratorTests.swift */ = {isa = PBXFileReference; fileEncoding = 4; lastKnownFileType = sourcecode.swift; path = FibonacciGeneratorTests.swift; sourceTree = "<group>"; };
		4DB7E7641C7E187E00A184DC /* DataProvider.swift */ = {isa = PBXFileReference; fileEncoding = 4; lastKnownFileType = sourcecode.swift; name = DataProvider.swift; path = Models/DataProvider.swift; sourceTree = "<group>"; };
		4DDEDED11C7E60E000D2CCE7 /* DataProviderTest.swift */ = {isa = PBXFileReference; fileEncoding = 4; lastKnownFileType = sourcecode.swift; path = DataProviderTest.swift; sourceTree = "<group>"; };
/* End PBXFileReference section */

/* Begin PBXFrameworksBuildPhase section */
		4D7C1C4A1C7B040300D66560 /* Frameworks */ = {
			isa = PBXFrameworksBuildPhase;
			buildActionMask = 2147483647;
			files = (
			);
			runOnlyForDeploymentPostprocessing = 0;
		};
		4D7C1C5E1C7B040300D66560 /* Frameworks */ = {
			isa = PBXFrameworksBuildPhase;
			buildActionMask = 2147483647;
			files = (
			);
			runOnlyForDeploymentPostprocessing = 0;
		};
/* End PBXFrameworksBuildPhase section */

/* Begin PBXGroup section */
		4D7C1C441C7B040300D66560 = {
			isa = PBXGroup;
			children = (
				4D7C1C4F1C7B040300D66560 /* fibonacci-test */,
				4D7C1C641C7B040300D66560 /* fibonacci-testTests */,
				4D7C1C4E1C7B040300D66560 /* Products */,
			);
			sourceTree = "<group>";
		};
		4D7C1C4E1C7B040300D66560 /* Products */ = {
			isa = PBXGroup;
			children = (
				4D7C1C4D1C7B040300D66560 /* fibonacci-test.app */,
				4D7C1C611C7B040300D66560 /* fibonacci-testTests.xctest */,
			);
			name = Products;
			sourceTree = "<group>";
		};
		4D7C1C4F1C7B040300D66560 /* fibonacci-test */ = {
			isa = PBXGroup;
			children = (
				4D7C1C801C7B044800D66560 /* Models */,
				4D7C1C7F1C7B043D00D66560 /* Views */,
				4D7C1C7E1C7B043600D66560 /* Controllers */,
				4D7C1C501C7B040300D66560 /* AppDelegate.swift */,
				4D7C1C541C7B040300D66560 /* Main.storyboard */,
				4D7C1C571C7B040300D66560 /* Assets.xcassets */,
				4D7C1C591C7B040300D66560 /* LaunchScreen.storyboard */,
				4D7C1C5C1C7B040300D66560 /* Info.plist */,
			);
			path = "fibonacci-test";
			sourceTree = "<group>";
		};
		4D7C1C641C7B040300D66560 /* fibonacci-testTests */ = {
			isa = PBXGroup;
			children = (
				4D7C1C671C7B040300D66560 /* Info.plist */,
				4D7C1C941C7E09FF00D66560 /* FibonacciGeneratorTests.swift */,
				4DDEDED11C7E60E000D2CCE7 /* DataProviderTest.swift */,
			);
			path = "fibonacci-testTests";
			sourceTree = "<group>";
		};
		4D7C1C7E1C7B043600D66560 /* Controllers */ = {
			isa = PBXGroup;
			children = (
				4D7C1C811C7B049000D66560 /* FibonacciTableViewController.swift */,
				4DB7E7641C7E187E00A184DC /* DataProvider.swift */,
				4D7255A61C7E3C2A001D00A2 /* FibonacciDataSource.swift */,
			);
			name = Controllers;
			sourceTree = "<group>";
		};
		4D7C1C7F1C7B043D00D66560 /* Views */ = {
			isa = PBXGroup;
			children = (
				4D7C1C831C7B04A900D66560 /* FibonacciTableViewCell.swift */,
			);
			name = Views;
			sourceTree = "<group>";
		};
		4D7C1C801C7B044800D66560 /* Models */ = {
			isa = PBXGroup;
			children = (
				4D7C1C851C7B04BC00D66560 /* FibonacciGenerator.swift */,
			);
			name = Models;
			sourceTree = "<group>";
		};
/* End PBXGroup section */

/* Begin PBXNativeTarget section */
		4D7C1C4C1C7B040300D66560 /* fibonacci-test */ = {
			isa = PBXNativeTarget;
			buildConfigurationList = 4D7C1C751C7B040300D66560 /* Build configuration list for PBXNativeTarget "fibonacci-test" */;
			buildPhases = (
				4D7C1C491C7B040300D66560 /* Sources */,
				4D7C1C4A1C7B040300D66560 /* Frameworks */,
				4D7C1C4B1C7B040300D66560 /* Resources */,
			);
			buildRules = (
			);
			dependencies = (
			);
			name = "fibonacci-test";
			productName = "fibonacci-test";
			productReference = 4D7C1C4D1C7B040300D66560 /* fibonacci-test.app */;
			productType = "com.apple.product-type.application";
		};
		4D7C1C601C7B040300D66560 /* fibonacci-testTests */ = {
			isa = PBXNativeTarget;
			buildConfigurationList = 4D7C1C781C7B040300D66560 /* Build configuration list for PBXNativeTarget "fibonacci-testTests" */;
			buildPhases = (
				4D7C1C5D1C7B040300D66560 /* Sources */,
				4D7C1C5E1C7B040300D66560 /* Frameworks */,
				4D7C1C5F1C7B040300D66560 /* Resources */,
			);
			buildRules = (
			);
			dependencies = (
				4D7C1C631C7B040300D66560 /* PBXTargetDependency */,
			);
			name = "fibonacci-testTests";
			productName = "fibonacci-testTests";
			productReference = 4D7C1C611C7B040300D66560 /* fibonacci-testTests.xctest */;
			productType = "com.apple.product-type.bundle.unit-test";
		};
/* End PBXNativeTarget section */

/* Begin PBXProject section */
		4D7C1C451C7B040300D66560 /* Project object */ = {
			isa = PBXProject;
			attributes = {
				LastSwiftUpdateCheck = 0720;
				LastUpgradeCheck = 0720;
				ORGANIZATIONNAME = TechBrewers;
				TargetAttributes = {
					4D7C1C4C1C7B040300D66560 = {
						CreatedOnToolsVersion = 7.2;
						DevelopmentTeam = J57QW76RE9;
					};
					4D7C1C601C7B040300D66560 = {
						CreatedOnToolsVersion = 7.2;
						TestTargetID = 4D7C1C4C1C7B040300D66560;
					};
				};
			};
			buildConfigurationList = 4D7C1C481C7B040300D66560 /* Build configuration list for PBXProject "fibonacci-test" */;
			compatibilityVersion = "Xcode 3.2";
			developmentRegion = English;
			hasScannedForEncodings = 0;
			knownRegions = (
				en,
				Base,
			);
			mainGroup = 4D7C1C441C7B040300D66560;
			productRefGroup = 4D7C1C4E1C7B040300D66560 /* Products */;
			projectDirPath = "";
			projectRoot = "";
			targets = (
				4D7C1C4C1C7B040300D66560 /* fibonacci-test */,
				4D7C1C601C7B040300D66560 /* fibonacci-testTests */,
			);
		};
/* End PBXProject section */

/* Begin PBXResourcesBuildPhase section */
		4D7C1C4B1C7B040300D66560 /* Resources */ = {
			isa = PBXResourcesBuildPhase;
			buildActionMask = 2147483647;
			files = (
				4D7C1C5B1C7B040300D66560 /* LaunchScreen.storyboard in Resources */,
				4D7C1C581C7B040300D66560 /* Assets.xcassets in Resources */,
				4D7C1C561C7B040300D66560 /* Main.storyboard in Resources */,
			);
			runOnlyForDeploymentPostprocessing = 0;
		};
		4D7C1C5F1C7B040300D66560 /* Resources */ = {
			isa = PBXResourcesBuildPhase;
			buildActionMask = 2147483647;
			files = (
			);
			runOnlyForDeploymentPostprocessing = 0;
		};
/* End PBXResourcesBuildPhase section */

/* Begin PBXSourcesBuildPhase section */
		4D7C1C491C7B040300D66560 /* Sources */ = {
			isa = PBXSourcesBuildPhase;
			buildActionMask = 2147483647;
			files = (
				4D7C1C861C7B04BC00D66560 /* FibonacciGenerator.swift in Sources */,
				4D7255A71C7E3C2A001D00A2 /* FibonacciDataSource.swift in Sources */,
				4D7C1C821C7B049000D66560 /* FibonacciTableViewController.swift in Sources */,
				4D7C1C841C7B04A900D66560 /* FibonacciTableViewCell.swift in Sources */,
				4DB7E7651C7E187E00A184DC /* DataProvider.swift in Sources */,
				4D7C1C511C7B040300D66560 /* AppDelegate.swift in Sources */,
			);
			runOnlyForDeploymentPostprocessing = 0;
		};
		4D7C1C5D1C7B040300D66560 /* Sources */ = {
			isa = PBXSourcesBuildPhase;
			buildActionMask = 2147483647;
			files = (
				4DDEDED21C7E60E000D2CCE7 /* DataProviderTest.swift in Sources */,
				4D7C1C951C7E09FF00D66560 /* FibonacciGeneratorTests.swift in Sources */,
			);
			runOnlyForDeploymentPostprocessing = 0;
		};
/* End PBXSourcesBuildPhase section */

/* Begin PBXTargetDependency section */
		4D7C1C631C7B040300D66560 /* PBXTargetDependency */ = {
			isa = PBXTargetDependency;
			target = 4D7C1C4C1C7B040300D66560 /* fibonacci-test */;
			targetProxy = 4D7C1C621C7B040300D66560 /* PBXContainerItemProxy */;
		};
/* End PBXTargetDependency section */

/* Begin PBXVariantGroup section */
		4D7C1C541C7B040300D66560 /* Main.storyboard */ = {
			isa = PBXVariantGroup;
			children = (
				4D7C1C551C7B040300D66560 /* Base */,
			);
			name = Main.storyboard;
			sourceTree = "<group>";
		};
		4D7C1C591C7B040300D66560 /* LaunchScreen.storyboard */ = {
			isa = PBXVariantGroup;
			children = (
				4D7C1C5A1C7B040300D66560 /* Base */,
			);
			name = LaunchScreen.storyboard;
			sourceTree = "<group>";
		};
/* End PBXVariantGroup section */

/* Begin XCBuildConfiguration section */
		4D7C1C731C7B040300D66560 /* Debug */ = {
			isa = XCBuildConfiguration;
			buildSettings = {
				ALWAYS_SEARCH_USER_PATHS = NO;
				CLANG_CXX_LANGUAGE_STANDARD = "gnu++0x";
				CLANG_CXX_LIBRARY = "libc++";
				CLANG_ENABLE_MODULES = YES;
				CLANG_ENABLE_OBJC_ARC = YES;
				CLANG_WARN_BOOL_CONVERSION = YES;
				CLANG_WARN_CONSTANT_CONVERSION = YES;
				CLANG_WARN_DIRECT_OBJC_ISA_USAGE = YES_ERROR;
				CLANG_WARN_EMPTY_BODY = YES;
				CLANG_WARN_ENUM_CONVERSION = YES;
				CLANG_WARN_INT_CONVERSION = YES;
				CLANG_WARN_OBJC_ROOT_CLASS = YES_ERROR;
				CLANG_WARN_UNREACHABLE_CODE = YES;
				CLANG_WARN__DUPLICATE_METHOD_MATCH = YES;
				"CODE_SIGN_IDENTITY[sdk=iphoneos*]" = "iPhone Developer";
				COPY_PHASE_STRIP = NO;
				DEBUG_INFORMATION_FORMAT = dwarf;
				ENABLE_STRICT_OBJC_MSGSEND = YES;
				ENABLE_TESTABILITY = YES;
				GCC_C_LANGUAGE_STANDARD = gnu99;
				GCC_DYNAMIC_NO_PIC = NO;
				GCC_NO_COMMON_BLOCKS = YES;
				GCC_OPTIMIZATION_LEVEL = 0;
				GCC_PREPROCESSOR_DEFINITIONS = (
					"DEBUG=1",
					"$(inherited)",
				);
				GCC_WARN_64_TO_32_BIT_CONVERSION = YES;
				GCC_WARN_ABOUT_RETURN_TYPE = YES_ERROR;
				GCC_WARN_UNDECLARED_SELECTOR = YES;
				GCC_WARN_UNINITIALIZED_AUTOS = YES_AGGRESSIVE;
				GCC_WARN_UNUSED_FUNCTION = YES;
				GCC_WARN_UNUSED_VARIABLE = YES;
				IPHONEOS_DEPLOYMENT_TARGET = 9.2;
				MTL_ENABLE_DEBUG_INFO = YES;
				ONLY_ACTIVE_ARCH = YES;
				SDKROOT = iphoneos;
				SWIFT_OPTIMIZATION_LEVEL = "-Onone";
				TARGETED_DEVICE_FAMILY = "1,2";
			};
			name = Debug;
		};
		4D7C1C741C7B040300D66560 /* Release */ = {
			isa = XCBuildConfiguration;
			buildSettings = {
				ALWAYS_SEARCH_USER_PATHS = NO;
				CLANG_CXX_LANGUAGE_STANDARD = "gnu++0x";
				CLANG_CXX_LIBRARY = "libc++";
				CLANG_ENABLE_MODULES = YES;
				CLANG_ENABLE_OBJC_ARC = YES;
				CLANG_WARN_BOOL_CONVERSION = YES;
				CLANG_WARN_CONSTANT_CONVERSION = YES;
				CLANG_WARN_DIRECT_OBJC_ISA_USAGE = YES_ERROR;
				CLANG_WARN_EMPTY_BODY = YES;
				CLANG_WARN_ENUM_CONVERSION = YES;
				CLANG_WARN_INT_CONVERSION = YES;
				CLANG_WARN_OBJC_ROOT_CLASS = YES_ERROR;
				CLANG_WARN_UNREACHABLE_CODE = YES;
				CLANG_WARN__DUPLICATE_METHOD_MATCH = YES;
				"CODE_SIGN_IDENTITY[sdk=iphoneos*]" = "iPhone Developer";
				COPY_PHASE_STRIP = NO;
				DEBUG_INFORMATION_FORMAT = "dwarf-with-dsym";
				ENABLE_NS_ASSERTIONS = NO;
				ENABLE_STRICT_OBJC_MSGSEND = YES;
				GCC_C_LANGUAGE_STANDARD = gnu99;
				GCC_NO_COMMON_BLOCKS = YES;
				GCC_WARN_64_TO_32_BIT_CONVERSION = YES;
				GCC_WARN_ABOUT_RETURN_TYPE = YES_ERROR;
				GCC_WARN_UNDECLARED_SELECTOR = YES;
				GCC_WARN_UNINITIALIZED_AUTOS = YES_AGGRESSIVE;
				GCC_WARN_UNUSED_FUNCTION = YES;
				GCC_WARN_UNUSED_VARIABLE = YES;
				IPHONEOS_DEPLOYMENT_TARGET = 9.2;
				MTL_ENABLE_DEBUG_INFO = NO;
				SDKROOT = iphoneos;
				TARGETED_DEVICE_FAMILY = "1,2";
				VALIDATE_PRODUCT = YES;
			};
			name = Release;
		};
		4D7C1C761C7B040300D66560 /* Debug */ = {
			isa = XCBuildConfiguration;
			buildSettings = {
				ASSETCATALOG_COMPILER_APPICON_NAME = AppIcon;
				CODE_SIGN_IDENTITY = "iPhone Developer";
				INFOPLIST_FILE = "fibonacci-test/Info.plist";
				LD_RUNPATH_SEARCH_PATHS = "$(inherited) @executable_path/Frameworks";
				PRODUCT_BUNDLE_IDENTIFIER = "com.techbrewers.fibonacci-test";
				PRODUCT_NAME = "$(TARGET_NAME)";
			};
			name = Debug;
		};
		4D7C1C771C7B040300D66560 /* Release */ = {
			isa = XCBuildConfiguration;
			buildSettings = {
				ASSETCATALOG_COMPILER_APPICON_NAME = AppIcon;
				CODE_SIGN_IDENTITY = "iPhone Developer";
				INFOPLIST_FILE = "fibonacci-test/Info.plist";
				LD_RUNPATH_SEARCH_PATHS = "$(inherited) @executable_path/Frameworks";
				PRODUCT_BUNDLE_IDENTIFIER = "com.techbrewers.fibonacci-test";
				PRODUCT_NAME = "$(TARGET_NAME)";
			};
			name = Release;
		};
		4D7C1C791C7B040300D66560 /* Debug */ = {
			isa = XCBuildConfiguration;
			buildSettings = {
				BUNDLE_LOADER = "$(TEST_HOST)";
				INFOPLIST_FILE = "fibonacci-testTests/Info.plist";
				LD_RUNPATH_SEARCH_PATHS = "$(inherited) @executable_path/Frameworks @loader_path/Frameworks";
				PRODUCT_BUNDLE_IDENTIFIER = "com.techbrewers.fibonacci-testTests";
				PRODUCT_NAME = "$(TARGET_NAME)";
				TEST_HOST = "$(BUILT_PRODUCTS_DIR)/fibonacci-test.app/fibonacci-test";
			};
			name = Debug;
		};
		4D7C1C7A1C7B040300D66560 /* Release */ = {
			isa = XCBuildConfiguration;
			buildSettings = {
				BUNDLE_LOADER = "$(TEST_HOST)";
				INFOPLIST_FILE = "fibonacci-testTests/Info.plist";
				LD_RUNPATH_SEARCH_PATHS = "$(inherited) @executable_path/Frameworks @loader_path/Frameworks";
				PRODUCT_BUNDLE_IDENTIFIER = "com.techbrewers.fibonacci-testTests";
				PRODUCT_NAME = "$(TARGET_NAME)";
				TEST_HOST = "$(BUILT_PRODUCTS_DIR)/fibonacci-test.app/fibonacci-test";
			};
			name = Release;
		};
/* End XCBuildConfiguration section */

/* Begin XCConfigurationList section */
		4D7C1C481C7B040300D66560 /* Build configuration list for PBXProject "fibonacci-test" */ = {
			isa = XCConfigurationList;
			buildConfigurations = (
				4D7C1C731C7B040300D66560 /* Debug */,
				4D7C1C741C7B040300D66560 /* Release */,
			);
			defaultConfigurationIsVisible = 0;
			defaultConfigurationName = Release;
		};
		4D7C1C751C7B040300D66560 /* Build configuration list for PBXNativeTarget "fibonacci-test" */ = {
			isa = XCConfigurationList;
			buildConfigurations = (
				4D7C1C761C7B040300D66560 /* Debug */,
				4D7C1C771C7B040300D66560 /* Release */,
			);
			defaultConfigurationIsVisible = 0;
			defaultConfigurationName = Release;
		};
		4D7C1C781C7B040300D66560 /* Build configuration list for PBXNativeTarget "fibonacci-testTests" */ = {
			isa = XCConfigurationList;
			buildConfigurations = (
				4D7C1C791C7B040300D66560 /* Debug */,
				4D7C1C7A1C7B040300D66560 /* Release */,
			);
			defaultConfigurationIsVisible = 0;
			defaultConfigurationName = Release;
		};
/* End XCConfigurationList section */
	};
	rootObject = 4D7C1C451C7B040300D66560 /* Project object */;
}
